
Microsoft Visual Studio Solution File, Format Version 12.00
# Visual Studio 15
VisualStudioVersion = 15.0.27703.2026
MinimumVisualStudioVersion = 10.0.40219.1
Project("{8BC9CEB8-8B4A-11D0-8D11-00A0C91BC942}") = "AZ_XO", "AZ_XO\AZ_XO.vcxproj", "{4EC32347-597E-4095-8118-849C60A9DE95}"
EndProject
Global
	GlobalSection(SolutionConfigurationPlatforms) = preSolution
		Debug|x64 = Debug|x64
		Debug|x86 = Debug|x86
		Release|x64 = Release|x64
		Release|x86 = Release|x86
	EndGlobalSection
	GlobalSection(ProjectConfigurationPlatforms) = postSolution
		{4EC32347-597E-4095-8118-849C60A9DE95}.Debug|x64.ActiveCfg = Debug|x64
		{4EC32347-597E-4095-8118-849C60A9DE95}.Debug|x64.Build.0 = Debug|x64
		{4EC32347-597E-4095-8118-849C60A9DE95}.Debug|x86.ActiveCfg = Debug|Win32
		{4EC32347-597E-4095-8118-849C60A9DE95}.Debug|x86.Build.0 = Debug|Win32
		{4EC32347-597E-4095-8118-849C60A9DE95}.Release|x64.ActiveCfg = Release|x64
		{4EC32347-597E-4095-8118-849C60A9DE95}.Release|x64.Build.0 = Release|x64
		{4EC32347-597E-4095-8118-849C60A9DE95}.Release|x86.ActiveCfg = Release|Win32
		{4EC32347-597E-4095-8118-849C60A9DE95}.Release|x86.Build.0 = Release|Win32
	EndGlobalSection
	GlobalSection(SolutionProperties) = preSolution
		HideSolutionNode = FALSE
	EndGlobalSection
	GlobalSection(ExtensibilityGlobals) = postSolution
		SolutionGuid = {94EC558D-7BBA-44DD-AD55-EBC52BD2E776}
	EndGlobalSection
EndGlobal
